
Microsoft Visual Studio Solution File, Format Version 12.00
# Visual Studio Version 17
VisualStudioVersion = 17.8.34525.116
MinimumVisualStudioVersion = 10.0.40219.1
Project("{FAE04EC0-301F-11D3-BF4B-00C04F79EFBC}") = "flightRouteCombinations", "flightRouteCombinations\flightRouteCombinations.csproj", "{B48D97E5-98CE-49D7-B279-48C92BB4432D}"
EndProject
Global
	GlobalSection(SolutionConfigurationPlatforms) = preSolution
		Debug|Any CPU = Debug|Any CPU
		Release|Any CPU = Release|Any CPU
	EndGlobalSection
	GlobalSection(ProjectConfigurationPlatforms) = postSolution
		{B48D97E5-98CE-49D7-B279-48C92BB4432D}.Debug|Any CPU.ActiveCfg = Debug|Any CPU
		{B48D97E5-98CE-49D7-B279-48C92BB4432D}.Debug|Any CPU.Build.0 = Debug|Any CPU
		{B48D97E5-98CE-49D7-B279-48C92BB4432D}.Release|Any CPU.ActiveCfg = Release|Any CPU
		{B48D97E5-98CE-49D7-B279-48C92BB4432D}.Release|Any CPU.Build.0 = Release|Any CPU
	EndGlobalSection
	GlobalSection(SolutionProperties) = preSolution
		HideSolutionNode = FALSE
	EndGlobalSection
	GlobalSection(ExtensibilityGlobals) = postSolution
		SolutionGuid = {5230B7C2-43D8-4495-A927-8DBEA2DBC002}
	EndGlobalSection
EndGlobal
